lockfileVersion: '6.0'

settings:
  autoInstallPeers: true
  excludeLinksFromLockfile: false

dependencies:
  async-sema:
    specifier: ^3.1.1
    version: 3.1.1

packages:

  /async-sema@3.1.1:
    resolution: {integrity: sha512-tLRNUXati5MFePdAk8dw7Qt7DpxPB60ofAgn8WRhW6a2rcimZnYBP9oxHiv0OHy+Wz7kPMG+t4LGdt31+4EmGg==}
    dev: false
